
Microsoft Visual Studio Solution File, Format Version 9.00
# Visual Studio 2005
Project("{8BC9CEB8-8B4A-11D0-8D11-00A0C91BC942}") = "ImageAndVideoProto", "ImageAndVideoProto\ImageAndVideoProto.vcproj", "{F75C2639-41F8-407C-9713-8697F9628C0D}"
EndProject
Global
	GlobalSection(SolutionConfigurationPlatforms) = preSolution
		Debug|Win32 = Debug|Win32
		Release|Win32 = Release|Win32
	EndGlobalSection
	GlobalSection(ProjectConfigurationPlatforms) = postSolution
		{F75C2639-41F8-407C-9713-8697F9628C0D}.Debug|Win32.ActiveCfg = Debug|Win32
		{F75C2639-41F8-407C-9713-8697F9628C0D}.Debug|Win32.Build.0 = Debug|Win32
		{F75C2639-41F8-407C-9713-8697F9628C0D}.Release|Win32.ActiveCfg = Release|Win32
		{F75C2639-41F8-407C-9713-8697F9628C0D}.Release|Win32.Build.0 = Release|Win32
	EndGlobalSection
	GlobalSection(SolutionProperties) = preSolution
		HideSolutionNode = FALSE
	EndGlobalSection
EndGlobal
